
Microsoft Visual Studio Solution File, Format Version 12.00
Project("{FAE04EC0-301F-11D3-BF4B-00C04F79EFBC}") = "Mural", "Mural.csproj", "{2A64FEBF-46AF-4D12-8169-0B1019BFD299}"
EndProject
Global
	GlobalSection(SolutionConfigurationPlatforms) = preSolution
		Debug|Any CPU = Debug|Any CPU
		Release|Any CPU = Release|Any CPU
	EndGlobalSection
	GlobalSection(ProjectConfigurationPlatforms) = postSolution
		{2A64FEBF-46AF-4D12-8169-0B1019BFD299}.Debug|Any CPU.ActiveCfg = Debug|Any CPU
		{2A64FEBF-46AF-4D12-8169-0B1019BFD299}.Debug|Any CPU.Build.0 = Debug|Any CPU
		{2A64FEBF-46AF-4D12-8169-0B1019BFD299}.Release|Any CPU.ActiveCfg = Release|Any CPU
		{2A64FEBF-46AF-4D12-8169-0B1019BFD299}.Release|Any CPU.Build.0 = Release|Any CPU
	EndGlobalSection
EndGlobal
